
Microsoft Visual Studio Solution File, Format Version 12.00
# Visual Studio Version 16
VisualStudioVersion = 16.0.29306.81
MinimumVisualStudioVersion = 10.0.40219.1
Project("{FAE04EC0-301F-11D3-BF4B-00C04F79EFBC}") = "TP_lab_sharp", "TP_lab_sharp\TP_lab_sharp.csproj", "{56D899E7-E531-44B8-B8FD-7FAF06C8CB52}"
EndProject
Global
	GlobalSection(SolutionConfigurationPlatforms) = preSolution
		Debug|Any CPU = Debug|Any CPU
		Release|Any CPU = Release|Any CPU
	EndGlobalSection
	GlobalSection(ProjectConfigurationPlatforms) = postSolution
		{56D899E7-E531-44B8-B8FD-7FAF06C8CB52}.Debug|Any CPU.ActiveCfg = Debug|Any CPU
		{56D899E7-E531-44B8-B8FD-7FAF06C8CB52}.Debug|Any CPU.Build.0 = Debug|Any CPU
		{56D899E7-E531-44B8-B8FD-7FAF06C8CB52}.Release|Any CPU.ActiveCfg = Release|Any CPU
		{56D899E7-E531-44B8-B8FD-7FAF06C8CB52}.Release|Any CPU.Build.0 = Release|Any CPU
	EndGlobalSection
	GlobalSection(SolutionProperties) = preSolution
		HideSolutionNode = FALSE
	EndGlobalSection
	GlobalSection(ExtensibilityGlobals) = postSolution
		SolutionGuid = {4A69DC4E-A7CB-4DAC-956A-5F24E6C1B7C3}
	EndGlobalSection
EndGlobal
